{
  "name": "noblefuzz",
  "lockfileVersion": 3,
  "requires": true,
  "packages": {
    "": {
      "name": "noblefuzz",
      "dependencies": {
        "@noble/ciphers": "2.3.0",
        "@noble/curves": "2.3.0",
        "@noble/hashes": "2.3.0",
        "@noble/post-quantum": "0.7.0",
        "@oqs/liboqs-js": "0.15.1",
        "@stablelib/aes": "2.0.1",
        "@stablelib/salsa20": "2.0.1",
        "@stablelib/siv": "2.0.1",
        "@stablelib/xchacha20poly1305": "2.0.1",
        "acorn": "8.15.0",
        "ffjavascript": "0.3.1",
        "mcl-wasm": "2.2.0",
        "tiny-secp256k1": "2.2.4"
      },
      "engines": {
        "node": ">=24.7.0"
      }
    },
    "node_modules/@noble/ciphers": {
      "version": "2.3.0",
      "resolved": "https://registry.npmjs.org/@noble/ciphers/-/ciphers-2.3.0.tgz",
      "integrity": "sha512-Clu/xdfgVTf9o7ngLOURaxePwR0j8sjclKEtVij10/jGulwFsPWCvvRgG/XjUVf8Nei+jLG6uwyXzUTGY1DQrw==",
      "license": "MIT",
      "engines": {
        "node": ">= 20.19.0"
      },
      "funding": {
        "url": "https://paulmillr.com/funding/"
      }
    },
    "node_modules/@noble/curves": {
      "version": "2.3.0",
      "resolved": "https://registry.npmjs.org/@noble/curves/-/curves-2.3.0.tgz",
      "integrity": "sha512-v7cY+4oWYPQszRj6ZFGzTVL7uP2TaLo1xMhWHzYC5wj0ZhOXQ5x+sBre8rF3hi8cAoi0bh1qXoovoOkdFtvqEg==",
      "license": "MIT",
      "dependencies": {
        "@noble/hashes": "2.3.0"
      },
      "engines": {
        "node": ">= 20.19.0"
      },
      "funding": {
        "url": "https://paulmillr.com/funding/"
      }
    },
    "node_modules/@noble/hashes": {
      "version": "2.3.0",
      "resolved": "https://registry.npmjs.org/@noble/hashes/-/hashes-2.3.0.tgz",
      "integrity": "sha512-oN+QwyX7VSHotibwubG3kpzbwKrfnyR6OOO+3Nk/53ADL7FmgHHz4TgrbaYKvvOw09u6QTx0oiH1cNCIOuN0CQ==",
      "license": "MIT",
      "engines": {
        "node": ">= 20.19.0"
      },
      "funding": {
        "url": "https://paulmillr.com/funding/"
      }
    },
    "node_modules/@noble/post-quantum": {
      "version": "0.7.0",
      "resolved": "https://registry.npmjs.org/@noble/post-quantum/-/post-quantum-0.7.0.tgz",
      "integrity": "sha512-IH2tpuGV4vBMdpCCua2BN7EuUICtmGp6DlBMNBYAYcL6QQ7eHt85GjLyD7ZT6Qx/xgIPIMqsSLDGvYqOm8Vqag==",
      "license": "MIT",
      "dependencies": {
        "@noble/ciphers": "~2.3.0",
        "@noble/curves": "~2.3.0",
        "@noble/hashes": "~2.3.0"
      },
      "engines": {
        "node": ">= 20.19.0"
      },
      "funding": {
        "url": "https://paulmillr.com/funding/"
      }
    },
    "node_modules/@oqs/liboqs-js": {
      "version": "0.15.1",
      "resolved": "https://registry.npmjs.org/@oqs/liboqs-js/-/liboqs-js-0.15.1.tgz",
      "integrity": "sha512-nt1M2CuI4JC1FGoLeD0771C/BcisCuJqh8o/54dcUY0nU88Bf7Qv8vF05SA+wLAVf8UTuZD/l6FlS2LI8NjGbg==",
      "license": "MIT",
      "bin": {
        "liboqs": "bin/cli.js"
      },
      "engines": {
        "node": ">=22.0.0"
      }
    },
    "node_modules/@stablelib/aead": {
      "version": "2.0.0",
      "resolved": "https://registry.npmjs.org/@stablelib/aead/-/aead-2.0.0.tgz",
      "integrity": "sha512-U/RMANRxbT/ahIpYsPSiFwDFNjADHdnCFfmo09MO1ai2XmerPAOPtMl0qmX7XVvygnACC6ijKDyHBoT2rGyElg==",
      "license": "MIT"
    },
    "node_modules/@stablelib/aes": {
      "version": "2.0.1",
      "resolved": "https://registry.npmjs.org/@stablelib/aes/-/aes-2.0.1.tgz",
      "integrity": "sha512-LpDuPe9Cr/IXXJaCHDCAITtVa7uLV6P+Cs3V8lZw87sElX7eOLk1OHTSzzvWagTJf++O+o3EISawHh1uzyi4qw==",
      "license": "MIT",
      "dependencies": {
        "@stablelib/binary": "^2.0.1",
        "@stablelib/blockcipher": "^2.0.0",
        "@stablelib/wipe": "^2.0.1"
      }
    },
    "node_modules/@stablelib/binary": {
      "version": "2.0.1",
      "resolved": "https://registry.npmjs.org/@stablelib/binary/-/binary-2.0.1.tgz",
      "integrity": "sha512-U9iAO8lXgEDONsA0zPPSgcf3HUBNAqHiJmSHgZz62OvC3Hi2Bhc5kTnQ3S1/L+sthDTHtCMhcEiklmIly6uQ3w==",
      "license": "MIT",
      "dependencies": {
        "@stablelib/int": "^2.0.1"
      }
    },
    "node_modules/@stablelib/blockcipher": {
      "version": "2.0.0",
      "resolved": "https://registry.npmjs.org/@stablelib/blockcipher/-/blockcipher-2.0.0.tgz",
      "integrity": "sha512-c0iMTah5a5KxeqVyf6ejpaRkYanODvGaQn8wgvLLAnY23fHZMjhR6ycQVvasW2nIzAmc+faetpRORJqAfaE/yw==",
      "license": "MIT"
    },
    "node_modules/@stablelib/chacha": {
      "version": "2.0.1",
      "resolved": "https://registry.npmjs.org/@stablelib/chacha/-/chacha-2.0.1.tgz",
      "integrity": "sha512-lS1FqtNqofxe2vLkRsLli2m3x/XanUyAYRphLhdHumKeIsLbjbCXdCq3Pf/eWiO7G3QlSG5ViqnoVjktzfLWMg==",
      "license": "MIT",
      "dependencies": {
        "@stablelib/binary": "^2.0.1",
        "@stablelib/wipe": "^2.0.1"
      }
    },
    "node_modules/@stablelib/chacha20poly1305": {
      "version": "2.0.1",
      "resolved": "https://registry.npmjs.org/@stablelib/chacha20poly1305/-/chacha20poly1305-2.0.1.tgz",
      "integrity": "sha512-kOoBsXbDPVRlelzXl+5WViycgM19lD7lF3Bc3KWI+DzId0Stc2HlxAfSc+Xpn3RgqSCl1ZNTXr33LegqBhBBaw==",
      "license": "MIT",
      "dependencies": {
        "@stablelib/aead": "^2.0.0",
        "@stablelib/binary": "^2.0.1",
        "@stablelib/chacha": "^2.0.1",
        "@stablelib/constant-time": "^2.0.1",
        "@stablelib/poly1305": "^2.0.1",
        "@stablelib/wipe": "^2.0.1"
      }
    },
    "node_modules/@stablelib/cmac": {
      "version": "2.0.1",
      "resolved": "https://registry.npmjs.org/@stablelib/cmac/-/cmac-2.0.1.tgz",
      "integrity": "sha512-GwR5fie/M3I9BgqDd0mRpoeeoN3e+zrSSpYp/ATVPqQ/gzBZ1EXXkSZU+UBZ2W03sOJylHNW3p6FtXGRSfGdkA==",
      "license": "MIT",
      "dependencies": {
        "@stablelib/blockcipher": "^2.0.0",
        "@stablelib/constant-time": "^2.0.1",
        "@stablelib/wipe": "^2.0.1"
      }
    },
    "node_modules/@stablelib/constant-time": {
      "version": "2.0.1",
      "resolved": "https://registry.npmjs.org/@stablelib/constant-time/-/constant-time-2.0.1.tgz",
      "integrity": "sha512-0NWPogffRm+UWBH0+iM5otZmNrVe5OHFIvyoNIVankMAYOQzMwcdVALOVPrB5Ho0dST+Oc3H8/hPh65Z8R/uew==",
      "license": "MIT"
    },
    "node_modules/@stablelib/ctr": {
      "version": "2.0.1",
      "resolved": "https://registry.npmjs.org/@stablelib/ctr/-/ctr-2.0.1.tgz",
      "integrity": "sha512-lV5klc4348B21/kw2O88RivMDFCryaprHtzxk6wk+eS3X2ZiPDzKpsKCSOLcklDDynueGKgdxFDkf3L8YFCmPg==",
      "license": "MIT",
      "dependencies": {
        "@stablelib/blockcipher": "^2.0.0",
        "@stablelib/wipe": "^2.0.1"
      }
    },
    "node_modules/@stablelib/int": {
      "version": "2.0.1",
      "resolved": "https://registry.npmjs.org/@stablelib/int/-/int-2.0.1.tgz",
      "integrity": "sha512-Ht63fQp3wz/F8U4AlXEPb7hfJOIILs8Lq55jgtD7KueWtyjhVuzcsGLSTAWtZs3XJDZYdF1WcSKn+kBtbzupww==",
      "license": "MIT"
    },
    "node_modules/@stablelib/poly1305": {
      "version": "2.0.1",
      "resolved": "https://registry.npmjs.org/@stablelib/poly1305/-/poly1305-2.0.1.tgz",
      "integrity": "sha512-D8xfZcL/5zeVARJ9I2fZOUCnZvsJx8G4JDQvD+ecsnaCildPtqZDwqqjtOc4cfHAdScrMjOzUVsssjXUTBw3YQ==",
      "license": "MIT",
      "dependencies": {
        "@stablelib/constant-time": "^2.0.1",
        "@stablelib/wipe": "^2.0.1"
      }
    },
    "node_modules/@stablelib/salsa20": {
      "version": "2.0.1",
      "resolved": "https://registry.npmjs.org/@stablelib/salsa20/-/salsa20-2.0.1.tgz",
      "integrity": "sha512-Eqf8K+UCBKMhg5biPscnmNHc6c6wZV/WplNdJZEMQrPexE6iO3Vfvw15qf2qw/+aQhiRqcDwtSefYXu4dIG+QA==",
      "license": "MIT",
      "dependencies": {
        "@stablelib/binary": "^2.0.1",
        "@stablelib/constant-time": "^2.0.1",
        "@stablelib/wipe": "^2.0.1"
      }
    },
    "node_modules/@stablelib/siv": {
      "version": "2.0.1",
      "resolved": "https://registry.npmjs.org/@stablelib/siv/-/siv-2.0.1.tgz",
      "integrity": "sha512-aaQw5diYt0/npMOUbk2IWkBNfjxY0DLghU9l6k1HmGek79eVXLIHtwirsMtjeEWV6whrg4OkzVwKzHqz2temfQ==",
      "license": "MIT",
      "dependencies": {
        "@stablelib/blockcipher": "^2.0.0",
        "@stablelib/cmac": "^2.0.1",
        "@stablelib/constant-time": "^2.0.1",
        "@stablelib/ctr": "^2.0.1",
        "@stablelib/wipe": "^2.0.1"
      }
    },
    "node_modules/@stablelib/wipe": {
      "version": "2.0.1",
      "resolved": "https://registry.npmjs.org/@stablelib/wipe/-/wipe-2.0.1.tgz",
      "integrity": "sha512-1eU2K9EgOcV4qc9jcP6G72xxZxEm5PfeI5H55l08W95b4oRJaqhmlWRc4xZAm6IVSKhVNxMi66V67hCzzuMTAg==",
      "license": "MIT"
    },
    "node_modules/@stablelib/xchacha20": {
      "version": "2.0.1",
      "resolved": "https://registry.npmjs.org/@stablelib/xchacha20/-/xchacha20-2.0.1.tgz",
      "integrity": "sha512-k55pNv7gIM4mUPU00+nJYTxKiUVNwAtsgrridC0aIU5cVbw9u6qP99x8ENu5eiwOEhZUNg+p3tTOLooCeAOJQA==",
      "license": "MIT",
      "dependencies": {
        "@stablelib/binary": "^2.0.1",
        "@stablelib/chacha": "^2.0.1",
        "@stablelib/wipe": "^2.0.1"
      }
    },
    "node_modules/@stablelib/xchacha20poly1305": {
      "version": "2.0.1",
      "resolved": "https://registry.npmjs.org/@stablelib/xchacha20poly1305/-/xchacha20poly1305-2.0.1.tgz",
      "integrity": "sha512-OUZnnPsd4y5ConoMtADkxiz308vcYrpFT7hzTgXLo5UMyu7aPAP0FaOM+aJAnV+GHBoWp+2ncDOhvtho3VDp7g==",
      "license": "MIT",
      "dependencies": {
        "@stablelib/aead": "^2.0.0",
        "@stablelib/chacha20poly1305": "^2.0.1",
        "@stablelib/constant-time": "^2.0.1",
        "@stablelib/wipe": "^2.0.1",
        "@stablelib/xchacha20": "^2.0.1"
      }
    },
    "node_modules/acorn": {
      "version": "8.15.0",
      "resolved": "https://registry.npmjs.org/acorn/-/acorn-8.15.0.tgz",
      "integrity": "sha512-NZyJarBfL7nWwIq+FDL6Zp/yHEhePMNnnJ0y3qfieCrmNvYct8uvtiV41UvlSe6apAfk0fY1FbWx+NwfmpvtTg==",
      "license": "MIT",
      "bin": {
        "acorn": "bin/acorn"
      },
      "engines": {
        "node": ">=0.4.0"
      }
    },
    "node_modules/ffjavascript": {
      "version": "0.3.1",
      "resolved": "https://registry.npmjs.org/ffjavascript/-/ffjavascript-0.3.1.tgz",
      "integrity": "sha512-4PbK1WYodQtuF47D4pRI5KUg3Q392vuP5WjE1THSnceHdXwU3ijaoS0OqxTzLknCtz4Z2TtABzkBdBdMn3B/Aw==",
      "license": "GPL-3.0",
      "dependencies": {
        "wasmbuilder": "0.0.16",
        "wasmcurves": "0.2.2",
        "web-worker": "1.2.0"
      }
    },
    "node_modules/mcl-wasm": {
      "version": "2.2.0",
      "resolved": "https://registry.npmjs.org/mcl-wasm/-/mcl-wasm-2.2.0.tgz",
      "integrity": "sha512-GY8hSD2rKP7QsDb87En7DakPaJY0gxxKiU3iTUAULjv+dw90c8apXjdGu8hdrRlVgtOzzJWxeJntxYNPgr+nzg==",
      "license": "BSD-3-Clause",
      "engines": {
        "node": ">=14.17",
        "pnpm": ">=10.0.0"
      }
    },
    "node_modules/tiny-secp256k1": {
      "version": "2.2.4",
      "resolved": "https://registry.npmjs.org/tiny-secp256k1/-/tiny-secp256k1-2.2.4.tgz",
      "integrity": "sha512-FoDTcToPqZE454Q04hH9o2EhxWsm7pOSpicyHkgTwKhdKWdsTUuqfP5MLq3g+VjAtl2vSx6JpXGdwA2qpYkI0Q==",
      "license": "MIT",
      "dependencies": {
        "uint8array-tools": "0.0.7"
      },
      "engines": {
        "node": ">=14.0.0"
      }
    },
    "node_modules/uint8array-tools": {
      "version": "0.0.7",
      "resolved": "https://registry.npmjs.org/uint8array-tools/-/uint8array-tools-0.0.7.tgz",
      "integrity": "sha512-vrrNZJiusLWoFWBqz5Y5KMCgP9W9hnjZHzZiZRT8oNAkq3d5Z5Oe76jAvVVSRh4U8GGR90N2X1dWtrhvx6L8UQ==",
      "license": "MIT",
      "engines": {
        "node": ">=14.0.0"
      }
    },
    "node_modules/wasmbuilder": {
      "version": "0.0.16",
      "resolved": "https://registry.npmjs.org/wasmbuilder/-/wasmbuilder-0.0.16.tgz",
      "integrity": "sha512-Qx3lEFqaVvp1cEYW7Bfi+ebRJrOiwz2Ieu7ZG2l7YyeSJIok/reEQCQCuicj/Y32ITIJuGIM9xZQppGx5LrQdA==",
      "license": "GPL-3.0"
    },
    "node_modules/wasmcurves": {
      "version": "0.2.2",
      "resolved": "https://registry.npmjs.org/wasmcurves/-/wasmcurves-0.2.2.tgz",
      "integrity": "sha512-JRY908NkmKjFl4ytnTu5ED6AwPD+8VJ9oc94kdq7h5bIwbj0L4TDJ69mG+2aLs2SoCmGfqIesMWTEJjtYsoQXQ==",
      "license": "GPL-3.0",
      "dependencies": {
        "wasmbuilder": "0.0.16"
      }
    },
    "node_modules/web-worker": {
      "version": "1.2.0",
      "resolved": "https://registry.npmjs.org/web-worker/-/web-worker-1.2.0.tgz",
      "integrity": "sha512-PgF341avzqyx60neE9DD+XS26MMNMoUQRz9NOZwW32nPQrF6p77f1htcnjBSEV8BGMKZ16choqUG4hyI0Hx7mA==",
      "license": "Apache-2.0"
    }
  }
}
